Microsoft Visual Studio Solution File, Format Version 12.00
# Visual Studio Version 17
VisualStudioVersion = 17.5.2.0
MinimumVisualStudioVersion = 10.0.40219.1
Project("{FAE04EC0-301F-11D3-BF4B-00C04F79EFBC}") = "ShortestPath", "ShortestPath\ShortestPath.csproj", "{B371A1C9-96DE-CDDF-270C-328EAE642104}"
EndProject
Project("{FAE04EC0-301F-11D3-BF4B-00C04F79EFBC}") = "ShortestPath.Tests", "ShortestPath.Tests\ShortestPath.Tests.csproj", "{91634383-4E05-FCF8-DA5F-B22C7D6FA3B4}"
EndProject
Global
	GlobalSection(SolutionConfigurationPlatforms) = preSolution
		Debug|Any CPU = Debug|Any CPU
		Release|Any CPU = Release|Any CPU
	EndGlobalSection
	GlobalSection(ProjectConfigurationPlatforms) = postSolution
		{B371A1C9-96DE-CDDF-270C-328EAE642104}.Debug|Any CPU.ActiveCfg = Debug|Any CPU
		{B371A1C9-96DE-CDDF-270C-328EAE642104}.Debug|Any CPU.Build.0 = Debug|Any CPU
		{B371A1C9-96DE-CDDF-270C-328EAE642104}.Release|Any CPU.ActiveCfg = Release|Any CPU
		{B371A1C9-96DE-CDDF-270C-328EAE642104}.Release|Any CPU.Build.0 = Release|Any CPU
		{91634383-4E05-FCF8-DA5F-B22C7D6FA3B4}.Debug|Any CPU.ActiveCfg = Debug|Any CPU
		{91634383-4E05-FCF8-DA5F-B22C7D6FA3B4}.Debug|Any CPU.Build.0 = Debug|Any CPU
		{91634383-4E05-FCF8-DA5F-B22C7D6FA3B4}.Release|Any CPU.ActiveCfg = Release|Any CPU
		{91634383-4E05-FCF8-DA5F-B22C7D6FA3B4}.Release|Any CPU.Build.0 = Release|Any CPU
	EndGlobalSection
	GlobalSection(SolutionProperties) = preSolution
		HideSolutionNode = FALSE
	EndGlobalSection
	GlobalSection(ExtensibilityGlobals) = postSolution
		SolutionGuid = {259892C3-7604-4AEA-AC6A-18A8EE87EDD6}
	EndGlobalSection
EndGlobal
